
Microsoft Visual Studio Solution File, Format Version 12.00
# Visual Studio 2012
Project("{FAE04EC0-301F-11D3-BF4B-00C04F79EFBC}") = "MSIPClassLibrary", "MSIPClassLibrary\MSIPClassLibrary.csproj", "{3018966F-F5B9-48DD-B24B-E29514E6957D}"
EndProject
Project("{FAE04EC0-301F-11D3-BF4B-00C04F79EFBC}") = "UnitTestMSIPLibrary", "UnitTestMSIPLibrary\UnitTestMSIPLibrary.csproj", "{6CEFB7C9-97CE-43AB-A6AD-959DA6CA7FB1}"
EndProject
Project("{FAE04EC0-301F-11D3-BF4B-00C04F79EFBC}") = "TestWithInterface", "..\TestWithInterface\TestWithInterface\TestWithInterface.csproj", "{77CCD260-4F27-47AB-9095-D954EB14A0D2}"
EndProject
Global
	GlobalSection(SolutionConfigurationPlatforms) = preSolution
		Debug|Any CPU = Debug|Any CPU
		Debug|ARM = Debug|ARM
		Debug|x64 = Debug|x64
		Debug|x86 = Debug|x86
		Release|Any CPU = Release|Any CPU
		Release|ARM = Release|ARM
		Release|x64 = Release|x64
		Release|x86 = Release|x86
	EndGlobalSection
	GlobalSection(ProjectConfigurationPlatforms) = postSolution
		{3018966F-F5B9-48DD-B24B-E29514E6957D}.Debug|Any CPU.ActiveCfg = Debug|Any CPU
		{3018966F-F5B9-48DD-B24B-E29514E6957D}.Debug|Any CPU.Build.0 = Debug|Any CPU
		{3018966F-F5B9-48DD-B24B-E29514E6957D}.Debug|ARM.ActiveCfg = Debug|ARM
		{3018966F-F5B9-48DD-B24B-E29514E6957D}.Debug|ARM.Build.0 = Debug|ARM
		{3018966F-F5B9-48DD-B24B-E29514E6957D}.Debug|x64.ActiveCfg = Debug|x64
		{3018966F-F5B9-48DD-B24B-E29514E6957D}.Debug|x64.Build.0 = Debug|x64
		{3018966F-F5B9-48DD-B24B-E29514E6957D}.Debug|x86.ActiveCfg = Debug|x86
		{3018966F-F5B9-48DD-B24B-E29514E6957D}.Debug|x86.Build.0 = Debug|x86
		{3018966F-F5B9-48DD-B24B-E29514E6957D}.Release|Any CPU.ActiveCfg = Release|Any CPU
		{3018966F-F5B9-48DD-B24B-E29514E6957D}.Release|Any CPU.Build.0 = Release|Any CPU
		{3018966F-F5B9-48DD-B24B-E29514E6957D}.Release|ARM.ActiveCfg = Release|ARM
		{3018966F-F5B9-48DD-B24B-E29514E6957D}.Release|ARM.Build.0 = Release|ARM
		{3018966F-F5B9-48DD-B24B-E29514E6957D}.Release|x64.ActiveCfg = Release|x64
		{3018966F-F5B9-48DD-B24B-E29514E6957D}.Release|x64.Build.0 = Release|x64
		{3018966F-F5B9-48DD-B24B-E29514E6957D}.Release|x86.ActiveCfg = Release|x86
		{3018966F-F5B9-48DD-B24B-E29514E6957D}.Release|x86.Build.0 = Release|x86
		{6CEFB7C9-97CE-43AB-A6AD-959DA6CA7FB1}.Debug|Any CPU.ActiveCfg = Debug|Any CPU
		{6CEFB7C9-97CE-43AB-A6AD-959DA6CA7FB1}.Debug|Any CPU.Build.0 = Debug|Any CPU
		{6CEFB7C9-97CE-43AB-A6AD-959DA6CA7FB1}.Debug|Any CPU.Deploy.0 = Debug|Any CPU
		{6CEFB7C9-97CE-43AB-A6AD-959DA6CA7FB1}.Debug|ARM.ActiveCfg = Debug|ARM
		{6CEFB7C9-97CE-43AB-A6AD-959DA6CA7FB1}.Debug|ARM.Build.0 = Debug|ARM
		{6CEFB7C9-97CE-43AB-A6AD-959DA6CA7FB1}.Debug|ARM.Deploy.0 = Debug|ARM
		{6CEFB7C9-97CE-43AB-A6AD-959DA6CA7FB1}.Debug|x64.ActiveCfg = Debug|x64
		{6CEFB7C9-97CE-43AB-A6AD-959DA6CA7FB1}.Debug|x64.Build.0 = Debug|x64
		{6CEFB7C9-97CE-43AB-A6AD-959DA6CA7FB1}.Debug|x64.Deploy.0 = Debug|x64
		{6CEFB7C9-97CE-43AB-A6AD-959DA6CA7FB1}.Debug|x86.ActiveCfg = Debug|x86
		{6CEFB7C9-97CE-43AB-A6AD-959DA6CA7FB1}.Debug|x86.Build.0 = Debug|x86
		{6CEFB7C9-97CE-43AB-A6AD-959DA6CA7FB1}.Debug|x86.Deploy.0 = Debug|x86
		{6CEFB7C9-97CE-43AB-A6AD-959DA6CA7FB1}.Release|Any CPU.ActiveCfg = Release|Any CPU
		{6CEFB7C9-97CE-43AB-A6AD-959DA6CA7FB1}.Release|Any CPU.Build.0 = Release|Any CPU
		{6CEFB7C9-97CE-43AB-A6AD-959DA6CA7FB1}.Release|Any CPU.Deploy.0 = Release|Any CPU
		{6CEFB7C9-97CE-43AB-A6AD-959DA6CA7FB1}.Release|ARM.ActiveCfg = Release|ARM
		{6CEFB7C9-97CE-43AB-A6AD-959DA6CA7FB1}.Release|ARM.Build.0 = Release|ARM
		{6CEFB7C9-97CE-43AB-A6AD-959DA6CA7FB1}.Release|ARM.Deploy.0 = Release|ARM
		{6CEFB7C9-97CE-43AB-A6AD-959DA6CA7FB1}.Release|x64.ActiveCfg = Release|x64
		{6CEFB7C9-97CE-43AB-A6AD-959DA6CA7FB1}.Release|x64.Build.0 = Release|x64
		{6CEFB7C9-97CE-43AB-A6AD-959DA6CA7FB1}.Release|x64.Deploy.0 = Release|x64
		{6CEFB7C9-97CE-43AB-A6AD-959DA6CA7FB1}.Release|x86.ActiveCfg = Release|x86
		{6CEFB7C9-97CE-43AB-A6AD-959DA6CA7FB1}.Release|x86.Build.0 = Release|x86
		{6CEFB7C9-97CE-43AB-A6AD-959DA6CA7FB1}.Release|x86.Deploy.0 = Release|x86
		{77CCD260-4F27-47AB-9095-D954EB14A0D2}.Debug|Any CPU.ActiveCfg = Debug|Any CPU
		{77CCD260-4F27-47AB-9095-D954EB14A0D2}.Debug|Any CPU.Build.0 = Debug|Any CPU
		{77CCD260-4F27-47AB-9095-D954EB14A0D2}.Debug|Any CPU.Deploy.0 = Debug|Any CPU
		{77CCD260-4F27-47AB-9095-D954EB14A0D2}.Debug|ARM.ActiveCfg = Debug|ARM
		{77CCD260-4F27-47AB-9095-D954EB14A0D2}.Debug|ARM.Build.0 = Debug|ARM
		{77CCD260-4F27-47AB-9095-D954EB14A0D2}.Debug|ARM.Deploy.0 = Debug|ARM
		{77CCD260-4F27-47AB-9095-D954EB14A0D2}.Debug|x64.ActiveCfg = Debug|x64
		{77CCD260-4F27-47AB-9095-D954EB14A0D2}.Debug|x64.Build.0 = Debug|x64
		{77CCD260-4F27-47AB-9095-D954EB14A0D2}.Debug|x64.Deploy.0 = Debug|x64
		{77CCD260-4F27-47AB-9095-D954EB14A0D2}.Debug|x86.ActiveCfg = Debug|x86
		{77CCD260-4F27-47AB-9095-D954EB14A0D2}.Debug|x86.Build.0 = Debug|x86
		{77CCD260-4F27-47AB-9095-D954EB14A0D2}.Debug|x86.Deploy.0 = Debug|x86
		{77CCD260-4F27-47AB-9095-D954EB14A0D2}.Release|Any CPU.ActiveCfg = Release|Any CPU
		{77CCD260-4F27-47AB-9095-D954EB14A0D2}.Release|Any CPU.Build.0 = Release|Any CPU
		{77CCD260-4F27-47AB-9095-D954EB14A0D2}.Release|Any CPU.Deploy.0 = Release|Any CPU
		{77CCD260-4F27-47AB-9095-D954EB14A0D2}.Release|ARM.ActiveCfg = Release|ARM
		{77CCD260-4F27-47AB-9095-D954EB14A0D2}.Release|ARM.Build.0 = Release|ARM
		{77CCD260-4F27-47AB-9095-D954EB14A0D2}.Release|ARM.Deploy.0 = Release|ARM
		{77CCD260-4F27-47AB-9095-D954EB14A0D2}.Release|x64.ActiveCfg = Release|x64
		{77CCD260-4F27-47AB-9095-D954EB14A0D2}.Release|x64.Build.0 = Release|x64
		{77CCD260-4F27-47AB-9095-D954EB14A0D2}.Release|x64.Deploy.0 = Release|x64
		{77CCD260-4F27-47AB-9095-D954EB14A0D2}.Release|x86.ActiveCfg = Release|x86
		{77CCD260-4F27-47AB-9095-D954EB14A0D2}.Release|x86.Build.0 = Release|x86
		{77CCD260-4F27-47AB-9095-D954EB14A0D2}.Release|x86.Deploy.0 = Release|x86
	EndGlobalSection
	GlobalSection(SolutionProperties) = preSolution
		HideSolutionNode = FALSE
	EndGlobalSection
EndGlobal
